
Microsoft Visual Studio Solution File, Format Version 12.00
# Visual Studio Version 17
VisualStudioVersion = 17.8.34511.84
MinimumVisualStudioVersion = 10.0.40219.1
Project("{9A19103F-16F7-4668-BE54-9A1E7A4F7556}") = "01.11.Peev", "01.11.Peev\01.11.Peev.csproj", "{6C8D863E-A60D-488C-8620-CA8BC6097A95}"
EndProject
Project("{9A19103F-16F7-4668-BE54-9A1E7A4F7556}") = "DZI.08.2022", "DZI.08.2022\DZI.08.2022.csproj", "{A6A894A4-E5A4-4433-A8B1-CD35A7C87089}"
EndProject
Project("{9A19103F-16F7-4668-BE54-9A1E7A4F7556}") = "01.18.Peev", "18.01.Peev\01.18.Peev.csproj", "{453FC09D-128D-4143-8396-66A8F812A7B7}"
EndProject
Project("{9A19103F-16F7-4668-BE54-9A1E7A4F7556}") = "01.25.Peev", "01.25.Peev\01.25.Peev.csproj", "{BCF9056D-F566-4885-AAE2-B7AB6912F111}"
EndProject
Project("{FAE04EC0-301F-11D3-BF4B-00C04F79EFBC}") = "02.01.Peev", "02.01.Peev\02.01.Peev.csproj", "{9C6589FA-23F2-4FF1-9F12-EBA40FF7FAB4}"
EndProject
Global
	GlobalSection(SolutionConfigurationPlatforms) = preSolution
		Debug|Any CPU = Debug|Any CPU
		Release|Any CPU = Release|Any CPU
	EndGlobalSection
	GlobalSection(ProjectConfigurationPlatforms) = postSolution
		{6C8D863E-A60D-488C-8620-CA8BC6097A95}.Debug|Any CPU.ActiveCfg = Debug|Any CPU
		{6C8D863E-A60D-488C-8620-CA8BC6097A95}.Debug|Any CPU.Build.0 = Debug|Any CPU
		{6C8D863E-A60D-488C-8620-CA8BC6097A95}.Release|Any CPU.ActiveCfg = Release|Any CPU
		{6C8D863E-A60D-488C-8620-CA8BC6097A95}.Release|Any CPU.Build.0 = Release|Any CPU
		{A6A894A4-E5A4-4433-A8B1-CD35A7C87089}.Debug|Any CPU.ActiveCfg = Debug|Any CPU
		{A6A894A4-E5A4-4433-A8B1-CD35A7C87089}.Debug|Any CPU.Build.0 = Debug|Any CPU
		{A6A894A4-E5A4-4433-A8B1-CD35A7C87089}.Release|Any CPU.ActiveCfg = Release|Any CPU
		{A6A894A4-E5A4-4433-A8B1-CD35A7C87089}.Release|Any CPU.Build.0 = Release|Any CPU
		{453FC09D-128D-4143-8396-66A8F812A7B7}.Debug|Any CPU.ActiveCfg = Debug|Any CPU
		{453FC09D-128D-4143-8396-66A8F812A7B7}.Debug|Any CPU.Build.0 = Debug|Any CPU
		{453FC09D-128D-4143-8396-66A8F812A7B7}.Release|Any CPU.ActiveCfg = Release|Any CPU
		{453FC09D-128D-4143-8396-66A8F812A7B7}.Release|Any CPU.Build.0 = Release|Any CPU
		{BCF9056D-F566-4885-AAE2-B7AB6912F111}.Debug|Any CPU.ActiveCfg = Debug|Any CPU
		{BCF9056D-F566-4885-AAE2-B7AB6912F111}.Debug|Any CPU.Build.0 = Debug|Any CPU
		{BCF9056D-F566-4885-AAE2-B7AB6912F111}.Release|Any CPU.ActiveCfg = Release|Any CPU
		{BCF9056D-F566-4885-AAE2-B7AB6912F111}.Release|Any CPU.Build.0 = Release|Any CPU
		{9C6589FA-23F2-4FF1-9F12-EBA40FF7FAB4}.Debug|Any CPU.ActiveCfg = Debug|Any CPU
		{9C6589FA-23F2-4FF1-9F12-EBA40FF7FAB4}.Debug|Any CPU.Build.0 = Debug|Any CPU
		{9C6589FA-23F2-4FF1-9F12-EBA40FF7FAB4}.Release|Any CPU.ActiveCfg = Release|Any CPU
		{9C6589FA-23F2-4FF1-9F12-EBA40FF7FAB4}.Release|Any CPU.Build.0 = Release|Any CPU
	EndGlobalSection
	GlobalSection(SolutionProperties) = preSolution
		HideSolutionNode = FALSE
	EndGlobalSection
	GlobalSection(ExtensibilityGlobals) = postSolution
		SolutionGuid = {A52B7968-6BF9-4D13-8C41-4D810FBBCBDE}
	EndGlobalSection
EndGlobal
