
Microsoft Visual Studio Solution File, Format Version 12.00
# Visual Studio Version 17
VisualStudioVersion = 17.8.34511.84
MinimumVisualStudioVersion = 10.0.40219.1
Project("{FAE04EC0-301F-11D3-BF4B-00C04F79EFBC}") = "01_11_Peev_Zadacha_1", "01_11_Peev_Zadacha_1\01_11_Peev_Zadacha_1.csproj", "{13B9C40C-FB8B-450F-9688-334F91357F4B}"
EndProject
Project("{FAE04EC0-301F-11D3-BF4B-00C04F79EFBC}") = "DZI_08_2022_Inequations", "DZI_08_2022_Inequations\DZI_08_2022_Inequations.csproj", "{C1EB92BE-D7B9-4DCF-9A1F-8712141B97C1}"
EndProject
Project("{FAE04EC0-301F-11D3-BF4B-00C04F79EFBC}") = "01_18_PeevZadacha_1", "01_18_PeevZadacha_1\01_18_PeevZadacha_1.csproj", "{74AD0B37-1180-4908-A1F3-EA74BF8F202D}"
EndProject
Global
	GlobalSection(SolutionConfigurationPlatforms) = preSolution
		Debug|Any CPU = Debug|Any CPU
		Release|Any CPU = Release|Any CPU
	EndGlobalSection
	GlobalSection(ProjectConfigurationPlatforms) = postSolution
		{13B9C40C-FB8B-450F-9688-334F91357F4B}.Debug|Any CPU.ActiveCfg = Debug|Any CPU
		{13B9C40C-FB8B-450F-9688-334F91357F4B}.Debug|Any CPU.Build.0 = Debug|Any CPU
		{13B9C40C-FB8B-450F-9688-334F91357F4B}.Release|Any CPU.ActiveCfg = Release|Any CPU
		{13B9C40C-FB8B-450F-9688-334F91357F4B}.Release|Any CPU.Build.0 = Release|Any CPU
		{C1EB92BE-D7B9-4DCF-9A1F-8712141B97C1}.Debug|Any CPU.ActiveCfg = Debug|Any CPU
		{C1EB92BE-D7B9-4DCF-9A1F-8712141B97C1}.Debug|Any CPU.Build.0 = Debug|Any CPU
		{C1EB92BE-D7B9-4DCF-9A1F-8712141B97C1}.Release|Any CPU.ActiveCfg = Release|Any CPU
		{C1EB92BE-D7B9-4DCF-9A1F-8712141B97C1}.Release|Any CPU.Build.0 = Release|Any CPU
		{74AD0B37-1180-4908-A1F3-EA74BF8F202D}.Debug|Any CPU.ActiveCfg = Debug|Any CPU
		{74AD0B37-1180-4908-A1F3-EA74BF8F202D}.Debug|Any CPU.Build.0 = Debug|Any CPU
		{74AD0B37-1180-4908-A1F3-EA74BF8F202D}.Release|Any CPU.ActiveCfg = Release|Any CPU
		{74AD0B37-1180-4908-A1F3-EA74BF8F202D}.Release|Any CPU.Build.0 = Release|Any CPU
	EndGlobalSection
	GlobalSection(SolutionProperties) = preSolution
		HideSolutionNode = FALSE
	EndGlobalSection
	GlobalSection(ExtensibilityGlobals) = postSolution
		SolutionGuid = {A52B7968-6BF9-4D13-8C41-4D810FBBCBDE}
	EndGlobalSection
EndGlobal
